// !$*UTF8*$!
{
	archiveVersion = 1;
	classes = {
	};
	objectVersion = 46;
	objects = {

/* Begin PBXBuildFile section */
		3833DF081F71B0980078EAB1 /* libZSDK_API.a in Frameworks */ = {isa = PBXBuildFile; fileRef = 3847C7381F71908100C2ABF7 /* libZSDK_API.a */; };
		3833DF0E1F71B0BB0078EAB1 /* ExternalAccessory.framework in Frameworks */ = {isa = PBXBuildFile; fileRef = 3833DF0A1F71B0BA0078EAB1 /* ExternalAccessory.framework */; };
		3833DF0F1F71B0BB0078EAB1 /* Foundation.framework in Frameworks */ = {isa = PBXBuildFile; fileRef = 3833DF0B1F71B0BA0078EAB1 /* Foundation.framework */; };
		3847C7201F718B2300C2ABF7 /* RCTZebraBTPrinter.m in Sources */ = {isa = PBXBuildFile; fileRef = 3847C71D1F718ADE00C2ABF7 /* RCTZebraBTPrinter.m */; };
		3847C7211F718B3000C2ABF7 /* RCTZebraBTPrinter.h in CopyFiles */ = {isa = PBXBuildFile; fileRef = 3847C71C1F718ADE00C2ABF7 /* RCTZebraBTPrinter.h */; };
/* End PBXBuildFile section */

/* Begin PBXCopyFilesBuildPhase section */
		58B511D91A9E6C8500147676 /* CopyFiles */ = {
			isa = PBXCopyFilesBuildPhase;
			buildActionMask = 2147483647;
			dstPath = "include/$(PRODUCT_NAME)";
			dstSubfolderSpec = 16;
			files = (
				3847C7211F718B3000C2ABF7 /* RCTZebraBTPrinter.h in CopyFiles */,
			);
			runOnlyForDeploymentPostprocessing = 0;
		};
/* End PBXCopyFilesBuildPhase section */

/* Begin PBXFileReference section */
		134814201AA4EA6300B7C361 /* libRCTZebraBTPrinter.a */ = {isa = PBXFileReference; explicitFileType = archive.ar; includeInIndex = 0; path = libRCTZebraBTPrinter.a; sourceTree = BUILT_PRODUCTS_DIR; };
		3833DF091F71B0BA0078EAB1 /* CoreGraphics.framework */ = {isa = PBXFileReference; lastKnownFileType = wrapper.framework; name = CoreGraphics.framework; path = System/Library/Frameworks/CoreGraphics.framework; sourceTree = SDKROOT; };
		3833DF0A1F71B0BA0078EAB1 /* ExternalAccessory.framework */ = {isa = PBXFileReference; lastKnownFileType = wrapper.framework; name = ExternalAccessory.framework; path = System/Library/Frameworks/ExternalAccessory.framework; sourceTree = SDKROOT; };
		3833DF0B1F71B0BA0078EAB1 /* Foundation.framework */ = {isa = PBXFileReference; lastKnownFileType = wrapper.framework; name = Foundation.framework; path = System/Library/Frameworks/Foundation.framework; sourceTree = SDKROOT; };
		3833DF0C1F71B0BB0078EAB1 /* QuartzCore.framework */ = {isa = PBXFileReference; lastKnownFileType = wrapper.framework; name = QuartzCore.framework; path = System/Library/Frameworks/QuartzCore.framework; sourceTree = SDKROOT; };
		3847C71C1F718ADE00C2ABF7 /* RCTZebraBTPrinter.h */ = {isa = PBXFileReference; lastKnownFileType = sourcecode.c.h; path = RCTZebraBTPrinter.h; sourceTree = "<group>"; };
		3847C71D1F718ADE00C2ABF7 /* RCTZebraBTPrinter.m */ = {isa = PBXFileReference; lastKnownFileType = sourcecode.c.objc; path = RCTZebraBTPrinter.m; sourceTree = "<group>"; };
		3847C7231F718F7A00C2ABF7 /* DiscoveredPrinter.h */ = {isa = PBXFileReference; lastKnownFileType = sourcecode.c.h; path = DiscoveredPrinter.h; sourceTree = "<group>"; };
		3847C7241F718F7A00C2ABF7 /* DiscoveredPrinterNetwork.h */ = {isa = PBXFileReference; lastKnownFileType = sourcecode.c.h; path = DiscoveredPrinterNetwork.h; sourceTree = "<group>"; };
		3847C7251F718F7A00C2ABF7 /* FieldDescriptionData.h */ = {isa = PBXFileReference; lastKnownFileType = sourcecode.c.h; path = FieldDescriptionData.h; sourceTree = "<group>"; };
		3847C7261F718F7A00C2ABF7 /* FileUtil.h */ = {isa = PBXFileReference; lastKnownFileType = sourcecode.c.h; path = FileUtil.h; sourceTree = "<group>"; };
		3847C7271F718F7A00C2ABF7 /* FormatUtil.h */ = {isa = PBXFileReference; lastKnownFileType = sourcecode.c.h; path = FormatUtil.h; sourceTree = "<group>"; };
		3847C7281F718F7A00C2ABF7 /* GraphicsUtil.h */ = {isa = PBXFileReference; lastKnownFileType = sourcecode.c.h; path = GraphicsUtil.h; sourceTree = "<group>"; };
		3847C7291F718F7A00C2ABF7 /* MagCardReader.h */ = {isa = PBXFileReference; lastKnownFileType = sourcecode.c.h; path = MagCardReader.h; sourceTree = "<group>"; };
		3847C72A1F718F7A00C2ABF7 /* MfiBtPrinterConnection.h */ = {isa = PBXFileReference; lastKnownFileType = sourcecode.c.h; path = MfiBtPrinterConnection.h; sourceTree = "<group>"; };
		3847C72B1F718F7A00C2ABF7 /* NetworkDiscoverer.h */ = {isa = PBXFileReference; lastKnownFileType = sourcecode.c.h; path = NetworkDiscoverer.h; sourceTree = "<group>"; };
		3847C72C1F718F7A00C2ABF7 /* PrinterStatus.h */ = {isa = PBXFileReference; lastKnownFileType = sourcecode.c.h; path = PrinterStatus.h; sourceTree = "<group>"; };
		3847C72D1F718F7A00C2ABF7 /* PrinterStatusMessages.h */ = {isa = PBXFileReference; lastKnownFileType = sourcecode.c.h; path = PrinterStatusMessages.h; sourceTree = "<group>"; };
		3847C72E1F718F7A00C2ABF7 /* SGD.h */ = {isa = PBXFileReference; lastKnownFileType = sourcecode.c.h; path = SGD.h; sourceTree = "<group>"; };
		3847C72F1F718F7A00C2ABF7 /* SmartCardReader.h */ = {isa = PBXFileReference; lastKnownFileType = sourcecode.c.h; path = SmartCardReader.h; sourceTree = "<group>"; };
		3847C7301F718F7A00C2ABF7 /* TcpPrinterConnection.h */ = {isa = PBXFileReference; lastKnownFileType = sourcecode.c.h; path = TcpPrinterConnection.h; sourceTree = "<group>"; };
		3847C7311F718F7A00C2ABF7 /* ToolsUtil.h */ = {isa = PBXFileReference; lastKnownFileType = sourcecode.c.h; path = ToolsUtil.h; sourceTree = "<group>"; };
		3847C7321F718F7A00C2ABF7 /* ZebraErrorCode.h */ = {isa = PBXFileReference; lastKnownFileType = sourcecode.c.h; path = ZebraErrorCode.h; sourceTree = "<group>"; };
		3847C7331F718F7A00C2ABF7 /* ZebraPrinter.h */ = {isa = PBXFileReference; lastKnownFileType = sourcecode.c.h; path = ZebraPrinter.h; sourceTree = "<group>"; };
		3847C7341F718F7A00C2ABF7 /* ZebraPrinterConnection.h */ = {isa = PBXFileReference; lastKnownFileType = sourcecode.c.h; path = ZebraPrinterConnection.h; sourceTree = "<group>"; };
		3847C7351F718F7A00C2ABF7 /* ZebraPrinterFactory.h */ = {isa = PBXFileReference; lastKnownFileType = sourcecode.c.h; path = ZebraPrinterFactory.h; sourceTree = "<group>"; };
		3847C7361F718F7A00C2ABF7 /* ZplPrintMode.h */ = {isa = PBXFileReference; lastKnownFileType = sourcecode.c.h; path = ZplPrintMode.h; sourceTree = "<group>"; };
		3847C7381F71908100C2ABF7 /* libZSDK_API.a */ = {isa = PBXFileReference; lastKnownFileType = archive.ar; path = libZSDK_API.a; sourceTree = "<group>"; };
/* End PBXFileReference section */

/* Begin PBXFrameworksBuildPhase section */
		58B511D81A9E6C8500147676 /* Frameworks */ = {
			isa = PBXFrameworksBuildPhase;
			buildActionMask = 2147483647;
			files = (
				3833DF0E1F71B0BB0078EAB1 /* ExternalAccessory.framework in Frameworks */,
				3833DF0F1F71B0BB0078EAB1 /* Foundation.framework in Frameworks */,
				3833DF081F71B0980078EAB1 /* libZSDK_API.a in Frameworks */,
			);
			runOnlyForDeploymentPostprocessing = 0;
		};
/* End PBXFrameworksBuildPhase section */

/* Begin PBXGroup section */
		134814211AA4EA7D00B7C361 /* Products */ = {
			isa = PBXGroup;
			children = (
				134814201AA4EA6300B7C361 /* libRCTZebraBTPrinter.a */,
			);
			name = Products;
			sourceTree = "<group>";
		};
		3847C7161F718ADE00C2ABF7 /* RCTZebraBTPrinter */ = {
			isa = PBXGroup;
			children = (
				3847C71C1F718ADE00C2ABF7 /* RCTZebraBTPrinter.h */,
				3847C71D1F718ADE00C2ABF7 /* RCTZebraBTPrinter.m */,
			);
			path = RCTZebraBTPrinter;
			sourceTree = "<group>";
		};
		3847C7221F718F7A00C2ABF7 /* Libraries */ = {
			isa = PBXGroup;
			children = (
				3847C7231F718F7A00C2ABF7 /* DiscoveredPrinter.h */,
				3847C7241F718F7A00C2ABF7 /* DiscoveredPrinterNetwork.h */,
				3847C7251F718F7A00C2ABF7 /* FieldDescriptionData.h */,
				3847C7261F718F7A00C2ABF7 /* FileUtil.h */,
				3847C7271F718F7A00C2ABF7 /* FormatUtil.h */,
				3847C7281F718F7A00C2ABF7 /* GraphicsUtil.h */,
				3847C7291F718F7A00C2ABF7 /* MagCardReader.h */,
				3847C72A1F718F7A00C2ABF7 /* MfiBtPrinterConnection.h */,
				3847C72B1F718F7A00C2ABF7 /* NetworkDiscoverer.h */,
				3847C72C1F718F7A00C2ABF7 /* PrinterStatus.h */,
				3847C72D1F718F7A00C2ABF7 /* PrinterStatusMessages.h */,
				3847C72E1F718F7A00C2ABF7 /* SGD.h */,
				3847C72F1F718F7A00C2ABF7 /* SmartCardReader.h */,
				3847C7301F718F7A00C2ABF7 /* TcpPrinterConnection.h */,
				3847C7311F718F7A00C2ABF7 /* ToolsUtil.h */,
				3847C7321F718F7A00C2ABF7 /* ZebraErrorCode.h */,
				3847C7331F718F7A00C2ABF7 /* ZebraPrinter.h */,
				3847C7341F718F7A00C2ABF7 /* ZebraPrinterConnection.h */,
				3847C7351F718F7A00C2ABF7 /* ZebraPrinterFactory.h */,
				3847C7361F718F7A00C2ABF7 /* ZplPrintMode.h */,
			);
			path = Libraries;
			sourceTree = "<group>";
		};
		3847C7371F71908100C2ABF7 /* Frameworks */ = {
			isa = PBXGroup;
			children = (
				3833DF091F71B0BA0078EAB1 /* CoreGraphics.framework */,
				3833DF0A1F71B0BA0078EAB1 /* ExternalAccessory.framework */,
				3833DF0B1F71B0BA0078EAB1 /* Foundation.framework */,
				3833DF0C1F71B0BB0078EAB1 /* QuartzCore.framework */,
				3847C7381F71908100C2ABF7 /* libZSDK_API.a */,
			);
			path = Frameworks;
			sourceTree = "<group>";
		};
		58B511D21A9E6C8500147676 = {
			isa = PBXGroup;
			children = (
				3847C7371F71908100C2ABF7 /* Frameworks */,
				3847C7221F718F7A00C2ABF7 /* Libraries */,
				134814211AA4EA7D00B7C361 /* Products */,
				3847C7161F718ADE00C2ABF7 /* RCTZebraBTPrinter */,
			);
			sourceTree = "<group>";
		};
/* End PBXGroup section */

/* Begin PBXNativeTarget section */
		58B511DA1A9E6C8500147676 /* RCTZebraBTPrinter */ = {
			isa = PBXNativeTarget;
			buildConfigurationList = 58B511EF1A9E6C8500147676 /* Build configuration list for PBXNativeTarget "RCTZebraBTPrinter" */;
			buildPhases = (
				58B511D71A9E6C8500147676 /* Sources */,
				58B511D81A9E6C8500147676 /* Frameworks */,
				58B511D91A9E6C8500147676 /* CopyFiles */,
			);
			buildRules = (
			);
			dependencies = (
			);
			name = RCTZebraBTPrinter;
			productName = RCTDataManager;
			productReference = 134814201AA4EA6300B7C361 /* libRCTZebraBTPrinter.a */;
			productType = "com.apple.product-type.library.static";
		};
/* End PBXNativeTarget section */

/* Begin PBXProject section */
		58B511D31A9E6C8500147676 /* Project object */ = {
			isa = PBXProject;
			attributes = {
				LastUpgradeCheck = 0830;
				ORGANIZATIONNAME = Facebook;
				TargetAttributes = {
					58B511DA1A9E6C8500147676 = {
						CreatedOnToolsVersion = 6.1.1;
					};
				};
			};
			buildConfigurationList = 58B511D61A9E6C8500147676 /* Build configuration list for PBXProject "RCTZebraBTPrinter" */;
			compatibilityVersion = "Xcode 3.2";
			developmentRegion = English;
			hasScannedForEncodings = 0;
			knownRegions = (
				en,
			);
			mainGroup = 58B511D21A9E6C8500147676;
			productRefGroup = 58B511D21A9E6C8500147676;
			projectDirPath = "";
			projectRoot = "";
			targets = (
				58B511DA1A9E6C8500147676 /* RCTZebraBTPrinter */,
			);
		};
/* End PBXProject section */

/* Begin PBXSourcesBuildPhase section */
		58B511D71A9E6C8500147676 /* Sources */ = {
			isa = PBXSourcesBuildPhase;
			buildActionMask = 2147483647;
			files = (
				3847C7201F718B2300C2ABF7 /* RCTZebraBTPrinter.m in Sources */,
			);
			runOnlyForDeploymentPostprocessing = 0;
		};
/* End PBXSourcesBuildPhase section */

/* Begin XCBuildConfiguration section */
		58B511ED1A9E6C8500147676 /* Debug */ = {
			isa = XCBuildConfiguration;
			buildSettings = {
				ALWAYS_SEARCH_USER_PATHS = NO;
				CLANG_CXX_LANGUAGE_STANDARD = "gnu++0x";
				CLANG_CXX_LIBRARY = "libc++";
				CLANG_ENABLE_MODULES = YES;
				CLANG_ENABLE_OBJC_ARC = YES;
				CLANG_WARN_BOOL_CONVERSION = YES;
				CLANG_WARN_CONSTANT_CONVERSION = YES;
				CLANG_WARN_DIRECT_OBJC_ISA_USAGE = YES_ERROR;
				CLANG_WARN_EMPTY_BODY = YES;
				CLANG_WARN_ENUM_CONVERSION = YES;
				CLANG_WARN_INFINITE_RECURSION = YES;
				CLANG_WARN_INT_CONVERSION = YES;
				CLANG_WARN_OBJC_ROOT_CLASS = YES_ERROR;
				CLANG_WARN_SUSPICIOUS_MOVE = YES;
				CLANG_WARN_UNREACHABLE_CODE = YES;
				CLANG_WARN__DUPLICATE_METHOD_MATCH = YES;
				COPY_PHASE_STRIP = NO;
				ENABLE_STRICT_OBJC_MSGSEND = YES;
				ENABLE_TESTABILITY = YES;
				GCC_C_LANGUAGE_STANDARD = gnu99;
				GCC_DYNAMIC_NO_PIC = NO;
				GCC_NO_COMMON_BLOCKS = YES;
				GCC_OPTIMIZATION_LEVEL = 0;
				GCC_PREPROCESSOR_DEFINITIONS = (
					"DEBUG=1",
					"$(inherited)",
				);
				GCC_SYMBOLS_PRIVATE_EXTERN = NO;
				GCC_WARN_64_TO_32_BIT_CONVERSION = YES;
				GCC_WARN_ABOUT_RETURN_TYPE = YES_ERROR;
				GCC_WARN_UNDECLARED_SELECTOR = YES;
				GCC_WARN_UNINITIALIZED_AUTOS = YES_AGGRESSIVE;
				GCC_WARN_UNUSED_FUNCTION = YES;
				GCC_WARN_UNUSED_VARIABLE = YES;
				IPHONEOS_DEPLOYMENT_TARGET = 9.0;
				MTL_ENABLE_DEBUG_INFO = YES;
				ONLY_ACTIVE_ARCH = YES;
				SDKROOT = iphoneos;
			};
			name = Debug;
		};
		58B511EE1A9E6C8500147676 /* Release */ = {
			isa = XCBuildConfiguration;
			buildSettings = {
				ALWAYS_SEARCH_USER_PATHS = NO;
				CLANG_CXX_LANGUAGE_STANDARD = "gnu++0x";
				CLANG_CXX_LIBRARY = "libc++";
				CLANG_ENABLE_MODULES = YES;
				CLANG_ENABLE_OBJC_ARC = YES;
				CLANG_WARN_BOOL_CONVERSION = YES;
				CLANG_WARN_CONSTANT_CONVERSION = YES;
				CLANG_WARN_DIRECT_OBJC_ISA_USAGE = YES_ERROR;
				CLANG_WARN_EMPTY_BODY = YES;
				CLANG_WARN_ENUM_CONVERSION = YES;
				CLANG_WARN_INFINITE_RECURSION = YES;
				CLANG_WARN_INT_CONVERSION = YES;
				CLANG_WARN_OBJC_ROOT_CLASS = YES_ERROR;
				CLANG_WARN_SUSPICIOUS_MOVE = YES;
				CLANG_WARN_UNREACHABLE_CODE = YES;
				CLANG_WARN__DUPLICATE_METHOD_MATCH = YES;
				COPY_PHASE_STRIP = YES;
				ENABLE_NS_ASSERTIONS = NO;
				ENABLE_STRICT_OBJC_MSGSEND = YES;
				GCC_C_LANGUAGE_STANDARD = gnu99;
				GCC_NO_COMMON_BLOCKS = YES;
				GCC_WARN_64_TO_32_BIT_CONVERSION = YES;
				GCC_WARN_ABOUT_RETURN_TYPE = YES_ERROR;
				GCC_WARN_UNDECLARED_SELECTOR = YES;
				GCC_WARN_UNINITIALIZED_AUTOS = YES_AGGRESSIVE;
				GCC_WARN_UNUSED_FUNCTION = YES;
				GCC_WARN_UNUSED_VARIABLE = YES;
				IPHONEOS_DEPLOYMENT_TARGET = 9.0;
				MTL_ENABLE_DEBUG_INFO = NO;
				SDKROOT = iphoneos;
				VALIDATE_PRODUCT = YES;
			};
			name = Release;
		};
		58B511F01A9E6C8500147676 /* Debug */ = {
			isa = XCBuildConfiguration;
			buildSettings = {
				ALWAYS_SEARCH_USER_PATHS = YES;
				HEADER_SEARCH_PATHS = (
					"$(SRCROOT)/../../../React/**",
					"$(SRCROOT)/../../react-native/React/**",
					"$(SRCROOT)/Libraries",
					"$(SRCROOT)/Frameworks",
				);
				LIBRARY_SEARCH_PATHS = (
					"$(inherited)",
					"$(SRCROOT)/Frameworks",
					"$(SRCROOT)/Libraries",
					"$(PROJECT_DIR)/Frameworks",
				);
				OTHER_LDFLAGS = (
					"-ObjC",
					"-lZSDK_API",
				);
				PRODUCT_NAME = RCTZebraBTPrinter;
				SKIP_INSTALL = YES;
			};
			name = Debug;
		};
		58B511F11A9E6C8500147676 /* Release */ = {
			isa = XCBuildConfiguration;
			buildSettings = {
				ALWAYS_SEARCH_USER_PATHS = YES;
				HEADER_SEARCH_PATHS = (
					"$(SRCROOT)/../../../React/**",
					"$(SRCROOT)/../../react-native/React/**",
					"$(SRCROOT)/Libraries",
					"$(SRCROOT)/Frameworks",
				);
				LIBRARY_SEARCH_PATHS = (
					"$(inherited)",
					"$(SRCROOT)/Frameworks",
					"$(SRCROOT)/Libraries",
					"$(PROJECT_DIR)/Frameworks",
				);
				OTHER_LDFLAGS = (
					"-ObjC",
					"-lZSDK_API",
				);
				PRODUCT_NAME = RCTZebraBTPrinter;
				SKIP_INSTALL = YES;
			};
			name = Release;
		};
/* End XCBuildConfiguration section */

/* Begin XCConfigurationList section */
		58B511D61A9E6C8500147676 /* Build configuration list for PBXProject "RCTZebraBTPrinter" */ = {
			isa = XCConfigurationList;
			buildConfigurations = (
				58B511ED1A9E6C8500147676 /* Debug */,
				58B511EE1A9E6C8500147676 /* Release */,
			);
			defaultConfigurationIsVisible = 0;
			defaultConfigurationName = Release;
		};
		58B511EF1A9E6C8500147676 /* Build configuration list for PBXNativeTarget "RCTZebraBTPrinter" */ = {
			isa = XCConfigurationList;
			buildConfigurations = (
				58B511F01A9E6C8500147676 /* Debug */,
				58B511F11A9E6C8500147676 /* Release */,
			);
			defaultConfigurationIsVisible = 0;
			defaultConfigurationName = Release;
		};
/* End XCConfigurationList section */
	};
	rootObject = 58B511D31A9E6C8500147676 /* Project object */;
}
